
Microsoft Visual Studio Solution File, Format Version 12.00
# Visual Studio Version 18
VisualStudioVersion = 18.0.11123.170
MinimumVisualStudioVersion = 10.0.40219.1
Project("{2150E333-8FDC-42A3-9474-1A3956D46DE8}") = "Solution Items", "Solution Items", "{74AEB3B3-8051-48A9-B0CB-63760B081D7C}"
	ProjectSection(SolutionItems) = preProject
		.editorconfig = .editorconfig
		Directory.Build.props = Directory.Build.props
		Directory.Packages.props = Directory.Packages.props
	EndProjectSection
EndProject
Project("{FAE04EC0-301F-11D3-BF4B-00C04F79EFBC}") = "CQRS", "CQRS\CQRS.csproj", "{42859E9F-D905-48B3-BE3E-43CD60B02DED}"
EndProject
Project("{2150E333-8FDC-42A3-9474-1A3956D46DE8}") = "common", "common", "{4F792734-88F0-48BB-87B0-F79FDDC28623}"
EndProject
Project("{FAE04EC0-301F-11D3-BF4B-00C04F79EFBC}") = "Domain.Common", "Domain.Common\Domain.Common.csproj", "{C70CD34A-6F27-414B-AEE9-EDBD36C6398E}"
EndProject
Project("{FAE04EC0-301F-11D3-BF4B-00C04F79EFBC}") = "Infrastructure.Api", "Infrastructure.Api\Infrastructure.Api.csproj", "{005F2D0B-FFB7-4B12-A9BB-F828EED7DFBB}"
EndProject
Project("{2150E333-8FDC-42A3-9474-1A3956D46DE8}") = "tests", "tests", "{F3F700D8-4C84-42ED-A36E-AA43B8476629}"
EndProject
Project("{FAE04EC0-301F-11D3-BF4B-00C04F79EFBC}") = "Tests.Common", "Tests.Common\Tests.Common.csproj", "{3BBCF9E8-38E5-4557-84AD-CC6FB9E6DE0D}"
EndProject
Project("{FAE04EC0-301F-11D3-BF4B-00C04F79EFBC}") = "Infrastructure.Marten", "Infrastructure.Marten\Infrastructure.Marten.csproj", "{8D51EC30-98E7-4DB5-9410-CDBEA86BA5AB}"
EndProject
Project("{FAE04EC0-301F-11D3-BF4B-00C04F79EFBC}") = "Infractructure.GraphQL", "Infractructure.GraphQL\Infractructure.GraphQL.csproj", "{8EFF63AD-D62D-4FB5-BE9D-01D5CBDBD5C4}"
EndProject
Project("{FAE04EC0-301F-11D3-BF4B-00C04F79EFBC}") = "Coverz.Domain", "Coverz.Domain\Coverz.Domain.csproj", "{829D04F3-DDBD-4933-962B-33E1615E5075}"
EndProject
Project("{FAE04EC0-301F-11D3-BF4B-00C04F79EFBC}") = "Coverz.UnitTests", "Coverz.UnitTests\Coverz.UnitTests.csproj", "{3A7F219B-4FDB-4692-A997-D215712579BB}"
EndProject
Global
	GlobalSection(SolutionConfigurationPlatforms) = preSolution
		Debug|Any CPU = Debug|Any CPU
		Debug|x64 = Debug|x64
		Debug|x86 = Debug|x86
		Release|Any CPU = Release|Any CPU
		Release|x64 = Release|x64
		Release|x86 = Release|x86
	EndGlobalSection
	GlobalSection(ProjectConfigurationPlatforms) = postSolution
		{42859E9F-D905-48B3-BE3E-43CD60B02DED}.Debug|Any CPU.ActiveCfg = Debug|Any CPU
		{42859E9F-D905-48B3-BE3E-43CD60B02DED}.Debug|Any CPU.Build.0 = Debug|Any CPU
		{42859E9F-D905-48B3-BE3E-43CD60B02DED}.Debug|x64.ActiveCfg = Debug|Any CPU
		{42859E9F-D905-48B3-BE3E-43CD60B02DED}.Debug|x64.Build.0 = Debug|Any CPU
		{42859E9F-D905-48B3-BE3E-43CD60B02DED}.Debug|x86.ActiveCfg = Debug|Any CPU
		{42859E9F-D905-48B3-BE3E-43CD60B02DED}.Debug|x86.Build.0 = Debug|Any CPU
		{42859E9F-D905-48B3-BE3E-43CD60B02DED}.Release|Any CPU.ActiveCfg = Release|Any CPU
		{42859E9F-D905-48B3-BE3E-43CD60B02DED}.Release|Any CPU.Build.0 = Release|Any CPU
		{42859E9F-D905-48B3-BE3E-43CD60B02DED}.Release|x64.ActiveCfg = Release|Any CPU
		{42859E9F-D905-48B3-BE3E-43CD60B02DED}.Release|x64.Build.0 = Release|Any CPU
		{42859E9F-D905-48B3-BE3E-43CD60B02DED}.Release|x86.ActiveCfg = Release|Any CPU
		{42859E9F-D905-48B3-BE3E-43CD60B02DED}.Release|x86.Build.0 = Release|Any CPU
		{C70CD34A-6F27-414B-AEE9-EDBD36C6398E}.Debug|Any CPU.ActiveCfg = Debug|Any CPU
		{C70CD34A-6F27-414B-AEE9-EDBD36C6398E}.Debug|Any CPU.Build.0 = Debug|Any CPU
		{C70CD34A-6F27-414B-AEE9-EDBD36C6398E}.Debug|x64.ActiveCfg = Debug|Any CPU
		{C70CD34A-6F27-414B-AEE9-EDBD36C6398E}.Debug|x64.Build.0 = Debug|Any CPU
		{C70CD34A-6F27-414B-AEE9-EDBD36C6398E}.Debug|x86.ActiveCfg = Debug|Any CPU
		{C70CD34A-6F27-414B-AEE9-EDBD36C6398E}.Debug|x86.Build.0 = Debug|Any CPU
		{C70CD34A-6F27-414B-AEE9-EDBD36C6398E}.Release|Any CPU.ActiveCfg = Release|Any CPU
		{C70CD34A-6F27-414B-AEE9-EDBD36C6398E}.Release|Any CPU.Build.0 = Release|Any CPU
		{C70CD34A-6F27-414B-AEE9-EDBD36C6398E}.Release|x64.ActiveCfg = Release|Any CPU
		{C70CD34A-6F27-414B-AEE9-EDBD36C6398E}.Release|x64.Build.0 = Release|Any CPU
		{C70CD34A-6F27-414B-AEE9-EDBD36C6398E}.Release|x86.ActiveCfg = Release|Any CPU
		{C70CD34A-6F27-414B-AEE9-EDBD36C6398E}.Release|x86.Build.0 = Release|Any CPU
		{005F2D0B-FFB7-4B12-A9BB-F828EED7DFBB}.Debug|Any CPU.ActiveCfg = Debug|Any CPU
		{005F2D0B-FFB7-4B12-A9BB-F828EED7DFBB}.Debug|Any CPU.Build.0 = Debug|Any CPU
		{005F2D0B-FFB7-4B12-A9BB-F828EED7DFBB}.Debug|x64.ActiveCfg = Debug|Any CPU
		{005F2D0B-FFB7-4B12-A9BB-F828EED7DFBB}.Debug|x64.Build.0 = Debug|Any CPU
		{005F2D0B-FFB7-4B12-A9BB-F828EED7DFBB}.Debug|x86.ActiveCfg = Debug|Any CPU
		{005F2D0B-FFB7-4B12-A9BB-F828EED7DFBB}.Debug|x86.Build.0 = Debug|Any CPU
		{005F2D0B-FFB7-4B12-A9BB-F828EED7DFBB}.Release|Any CPU.ActiveCfg = Release|Any CPU
		{005F2D0B-FFB7-4B12-A9BB-F828EED7DFBB}.Release|Any CPU.Build.0 = Release|Any CPU
		{005F2D0B-FFB7-4B12-A9BB-F828EED7DFBB}.Release|x64.ActiveCfg = Release|Any CPU
		{005F2D0B-FFB7-4B12-A9BB-F828EED7DFBB}.Release|x64.Build.0 = Release|Any CPU
		{005F2D0B-FFB7-4B12-A9BB-F828EED7DFBB}.Release|x86.ActiveCfg = Release|Any CPU
		{005F2D0B-FFB7-4B12-A9BB-F828EED7DFBB}.Release|x86.Build.0 = Release|Any CPU
		{3BBCF9E8-38E5-4557-84AD-CC6FB9E6DE0D}.Debug|Any CPU.ActiveCfg = Debug|Any CPU
		{3BBCF9E8-38E5-4557-84AD-CC6FB9E6DE0D}.Debug|Any CPU.Build.0 = Debug|Any CPU
		{3BBCF9E8-38E5-4557-84AD-CC6FB9E6DE0D}.Debug|x64.ActiveCfg = Debug|Any CPU
		{3BBCF9E8-38E5-4557-84AD-CC6FB9E6DE0D}.Debug|x64.Build.0 = Debug|Any CPU
		{3BBCF9E8-38E5-4557-84AD-CC6FB9E6DE0D}.Debug|x86.ActiveCfg = Debug|Any CPU
		{3BBCF9E8-38E5-4557-84AD-CC6FB9E6DE0D}.Debug|x86.Build.0 = Debug|Any CPU
		{3BBCF9E8-38E5-4557-84AD-CC6FB9E6DE0D}.Release|Any CPU.ActiveCfg = Release|Any CPU
		{3BBCF9E8-38E5-4557-84AD-CC6FB9E6DE0D}.Release|Any CPU.Build.0 = Release|Any CPU
		{3BBCF9E8-38E5-4557-84AD-CC6FB9E6DE0D}.Release|x64.ActiveCfg = Release|Any CPU
		{3BBCF9E8-38E5-4557-84AD-CC6FB9E6DE0D}.Release|x64.Build.0 = Release|Any CPU
		{3BBCF9E8-38E5-4557-84AD-CC6FB9E6DE0D}.Release|x86.ActiveCfg = Release|Any CPU
		{3BBCF9E8-38E5-4557-84AD-CC6FB9E6DE0D}.Release|x86.Build.0 = Release|Any CPU
		{8D51EC30-98E7-4DB5-9410-CDBEA86BA5AB}.Debug|Any CPU.ActiveCfg = Debug|Any CPU
		{8D51EC30-98E7-4DB5-9410-CDBEA86BA5AB}.Debug|Any CPU.Build.0 = Debug|Any CPU
		{8D51EC30-98E7-4DB5-9410-CDBEA86BA5AB}.Debug|x64.ActiveCfg = Debug|Any CPU
		{8D51EC30-98E7-4DB5-9410-CDBEA86BA5AB}.Debug|x64.Build.0 = Debug|Any CPU
		{8D51EC30-98E7-4DB5-9410-CDBEA86BA5AB}.Debug|x86.ActiveCfg = Debug|Any CPU
		{8D51EC30-98E7-4DB5-9410-CDBEA86BA5AB}.Debug|x86.Build.0 = Debug|Any CPU
		{8D51EC30-98E7-4DB5-9410-CDBEA86BA5AB}.Release|Any CPU.ActiveCfg = Release|Any CPU
		{8D51EC30-98E7-4DB5-9410-CDBEA86BA5AB}.Release|Any CPU.Build.0 = Release|Any CPU
		{8D51EC30-98E7-4DB5-9410-CDBEA86BA5AB}.Release|x64.ActiveCfg = Release|Any CPU
		{8D51EC30-98E7-4DB5-9410-CDBEA86BA5AB}.Release|x64.Build.0 = Release|Any CPU
		{8D51EC30-98E7-4DB5-9410-CDBEA86BA5AB}.Release|x86.ActiveCfg = Release|Any CPU
		{8D51EC30-98E7-4DB5-9410-CDBEA86BA5AB}.Release|x86.Build.0 = Release|Any CPU
		{8EFF63AD-D62D-4FB5-BE9D-01D5CBDBD5C4}.Debug|Any CPU.ActiveCfg = Debug|Any CPU
		{8EFF63AD-D62D-4FB5-BE9D-01D5CBDBD5C4}.Debug|Any CPU.Build.0 = Debug|Any CPU
		{8EFF63AD-D62D-4FB5-BE9D-01D5CBDBD5C4}.Debug|x64.ActiveCfg = Debug|Any CPU
		{8EFF63AD-D62D-4FB5-BE9D-01D5CBDBD5C4}.Debug|x64.Build.0 = Debug|Any CPU
		{8EFF63AD-D62D-4FB5-BE9D-01D5CBDBD5C4}.Debug|x86.ActiveCfg = Debug|Any CPU
		{8EFF63AD-D62D-4FB5-BE9D-01D5CBDBD5C4}.Debug|x86.Build.0 = Debug|Any CPU
		{8EFF63AD-D62D-4FB5-BE9D-01D5CBDBD5C4}.Release|Any CPU.ActiveCfg = Release|Any CPU
		{8EFF63AD-D62D-4FB5-BE9D-01D5CBDBD5C4}.Release|Any CPU.Build.0 = Release|Any CPU
		{8EFF63AD-D62D-4FB5-BE9D-01D5CBDBD5C4}.Release|x64.ActiveCfg = Release|Any CPU
		{8EFF63AD-D62D-4FB5-BE9D-01D5CBDBD5C4}.Release|x64.Build.0 = Release|Any CPU
		{8EFF63AD-D62D-4FB5-BE9D-01D5CBDBD5C4}.Release|x86.ActiveCfg = Release|Any CPU
		{8EFF63AD-D62D-4FB5-BE9D-01D5CBDBD5C4}.Release|x86.Build.0 = Release|Any CPU
		{829D04F3-DDBD-4933-962B-33E1615E5075}.Debug|Any CPU.ActiveCfg = Debug|Any CPU
		{829D04F3-DDBD-4933-962B-33E1615E5075}.Debug|Any CPU.Build.0 = Debug|Any CPU
		{829D04F3-DDBD-4933-962B-33E1615E5075}.Debug|x64.ActiveCfg = Debug|Any CPU
		{829D04F3-DDBD-4933-962B-33E1615E5075}.Debug|x64.Build.0 = Debug|Any CPU
		{829D04F3-DDBD-4933-962B-33E1615E5075}.Debug|x86.ActiveCfg = Debug|Any CPU
		{829D04F3-DDBD-4933-962B-33E1615E5075}.Debug|x86.Build.0 = Debug|Any CPU
		{829D04F3-DDBD-4933-962B-33E1615E5075}.Release|Any CPU.ActiveCfg = Release|Any CPU
		{829D04F3-DDBD-4933-962B-33E1615E5075}.Release|Any CPU.Build.0 = Release|Any CPU
		{829D04F3-DDBD-4933-962B-33E1615E5075}.Release|x64.ActiveCfg = Release|Any CPU
		{829D04F3-DDBD-4933-962B-33E1615E5075}.Release|x64.Build.0 = Release|Any CPU
		{829D04F3-DDBD-4933-962B-33E1615E5075}.Release|x86.ActiveCfg = Release|Any CPU
		{829D04F3-DDBD-4933-962B-33E1615E5075}.Release|x86.Build.0 = Release|Any CPU
		{3A7F219B-4FDB-4692-A997-D215712579BB}.Debug|Any CPU.ActiveCfg = Debug|Any CPU
		{3A7F219B-4FDB-4692-A997-D215712579BB}.Debug|Any CPU.Build.0 = Debug|Any CPU
		{3A7F219B-4FDB-4692-A997-D215712579BB}.Debug|x64.ActiveCfg = Debug|Any CPU
		{3A7F219B-4FDB-4692-A997-D215712579BB}.Debug|x64.Build.0 = Debug|Any CPU
		{3A7F219B-4FDB-4692-A997-D215712579BB}.Debug|x86.ActiveCfg = Debug|Any CPU
		{3A7F219B-4FDB-4692-A997-D215712579BB}.Debug|x86.Build.0 = Debug|Any CPU
		{3A7F219B-4FDB-4692-A997-D215712579BB}.Release|Any CPU.ActiveCfg = Release|Any CPU
		{3A7F219B-4FDB-4692-A997-D215712579BB}.Release|Any CPU.Build.0 = Release|Any CPU
		{3A7F219B-4FDB-4692-A997-D215712579BB}.Release|x64.ActiveCfg = Release|Any CPU
		{3A7F219B-4FDB-4692-A997-D215712579BB}.Release|x64.Build.0 = Release|Any CPU
		{3A7F219B-4FDB-4692-A997-D215712579BB}.Release|x86.ActiveCfg = Release|Any CPU
		{3A7F219B-4FDB-4692-A997-D215712579BB}.Release|x86.Build.0 = Release|Any CPU
	EndGlobalSection
	GlobalSection(SolutionProperties) = preSolution
		HideSolutionNode = FALSE
	EndGlobalSection
	GlobalSection(NestedProjects) = preSolution
		{42859E9F-D905-48B3-BE3E-43CD60B02DED} = {4F792734-88F0-48BB-87B0-F79FDDC28623}
		{C70CD34A-6F27-414B-AEE9-EDBD36C6398E} = {4F792734-88F0-48BB-87B0-F79FDDC28623}
		{005F2D0B-FFB7-4B12-A9BB-F828EED7DFBB} = {4F792734-88F0-48BB-87B0-F79FDDC28623}
		{3BBCF9E8-38E5-4557-84AD-CC6FB9E6DE0D} = {F3F700D8-4C84-42ED-A36E-AA43B8476629}
		{8D51EC30-98E7-4DB5-9410-CDBEA86BA5AB} = {4F792734-88F0-48BB-87B0-F79FDDC28623}
		{8EFF63AD-D62D-4FB5-BE9D-01D5CBDBD5C4} = {4F792734-88F0-48BB-87B0-F79FDDC28623}
		{3A7F219B-4FDB-4692-A997-D215712579BB} = {F3F700D8-4C84-42ED-A36E-AA43B8476629}
	EndGlobalSection
	GlobalSection(ExtensibilityGlobals) = postSolution
		SolutionGuid = {CD7A4FC7-25F9-4D1B-98BC-06D3548A8375}
	EndGlobalSection
EndGlobal
