
Microsoft Visual Studio Solution File, Format Version 12.00
# Visual Studio Version 17
VisualStudioVersion = 17.4.33110.190
MinimumVisualStudioVersion = 10.0.40219.1
Project("{2150E333-8FDC-42A3-9474-1A3956D46DE8}") = "Solution Items", "Solution Items", "{DD827591-1E62-434A-A712-B9F7BCDD7FC3}"
	ProjectSection(SolutionItems) = preProject
		Directory.Build.props = Directory.Build.props
		docker-compose.yml = docker-compose.yml
		..\Dockerfile = ..\Dockerfile
	EndProjectSection
EndProject
Project("{9A19103F-16F7-4668-BE54-9A1E7A4F7556}") = "Doc.Management", "Doc.Management\Doc.Management.csproj", "{0B83EF44-63D8-4DC7-BBEC-FF08710CC3AE}"
EndProject
Project("{9A19103F-16F7-4668-BE54-9A1E7A4F7556}") = "Doc.Management.UnitTests", "Doc.Management.UnitTests\Doc.Management.UnitTests.csproj", "{3945F6D1-8882-49D1-85FD-327F1F581382}"
EndProject
Project("{9A19103F-16F7-4668-BE54-9A1E7A4F7556}") = "Doc.Management.CommandHandlers", "Doc.Management.CommandHandlers\Doc.Management.CommandHandlers.csproj", "{3021C930-D9F1-4A19-AC81-27F62B4E7873}"
EndProject
Project("{9A19103F-16F7-4668-BE54-9A1E7A4F7556}") = "Doc.Management.Api", "Doc.Management.APi\Doc.Management.Api.csproj", "{734F99FB-8F7D-49C7-A443-8A7CB831EAA4}"
EndProject
Project("{9A19103F-16F7-4668-BE54-9A1E7A4F7556}") = "Doc.Management.Marten", "Doc.Management.Marten\Doc.Management.Marten.csproj", "{884DFD33-6C9F-4221-A2CC-9EF0C0B391D2}"
EndProject
Project("{9A19103F-16F7-4668-BE54-9A1E7A4F7556}") = "Doc.Management.S3", "Doc.Management.S3\Doc.Management.S3.csproj", "{0A356368-2D29-45F7-AF98-C2103274A4DF}"
EndProject
Project("{FAE04EC0-301F-11D3-BF4B-00C04F79EFBC}") = "Doc.Management.GraphQL", "Doc.Management.GraphQL\Doc.Management.GraphQL.csproj", "{63A10AF4-58F7-4B9C-BEAD-9553D4885D73}"
EndProject
Global
	GlobalSection(SolutionConfigurationPlatforms) = preSolution
		Debug|Any CPU = Debug|Any CPU
		Release|Any CPU = Release|Any CPU
	EndGlobalSection
	GlobalSection(ProjectConfigurationPlatforms) = postSolution
		{0B83EF44-63D8-4DC7-BBEC-FF08710CC3AE}.Debug|Any CPU.ActiveCfg = Debug|Any CPU
		{0B83EF44-63D8-4DC7-BBEC-FF08710CC3AE}.Debug|Any CPU.Build.0 = Debug|Any CPU
		{0B83EF44-63D8-4DC7-BBEC-FF08710CC3AE}.Release|Any CPU.ActiveCfg = Release|Any CPU
		{0B83EF44-63D8-4DC7-BBEC-FF08710CC3AE}.Release|Any CPU.Build.0 = Release|Any CPU
		{3945F6D1-8882-49D1-85FD-327F1F581382}.Debug|Any CPU.ActiveCfg = Debug|Any CPU
		{3945F6D1-8882-49D1-85FD-327F1F581382}.Debug|Any CPU.Build.0 = Debug|Any CPU
		{3945F6D1-8882-49D1-85FD-327F1F581382}.Release|Any CPU.ActiveCfg = Release|Any CPU
		{3945F6D1-8882-49D1-85FD-327F1F581382}.Release|Any CPU.Build.0 = Release|Any CPU
		{3021C930-D9F1-4A19-AC81-27F62B4E7873}.Debug|Any CPU.ActiveCfg = Debug|Any CPU
		{3021C930-D9F1-4A19-AC81-27F62B4E7873}.Debug|Any CPU.Build.0 = Debug|Any CPU
		{3021C930-D9F1-4A19-AC81-27F62B4E7873}.Release|Any CPU.ActiveCfg = Release|Any CPU
		{3021C930-D9F1-4A19-AC81-27F62B4E7873}.Release|Any CPU.Build.0 = Release|Any CPU
		{734F99FB-8F7D-49C7-A443-8A7CB831EAA4}.Debug|Any CPU.ActiveCfg = Debug|Any CPU
		{734F99FB-8F7D-49C7-A443-8A7CB831EAA4}.Debug|Any CPU.Build.0 = Debug|Any CPU
		{734F99FB-8F7D-49C7-A443-8A7CB831EAA4}.Release|Any CPU.ActiveCfg = Release|Any CPU
		{734F99FB-8F7D-49C7-A443-8A7CB831EAA4}.Release|Any CPU.Build.0 = Release|Any CPU
		{884DFD33-6C9F-4221-A2CC-9EF0C0B391D2}.Debug|Any CPU.ActiveCfg = Debug|Any CPU
		{884DFD33-6C9F-4221-A2CC-9EF0C0B391D2}.Debug|Any CPU.Build.0 = Debug|Any CPU
		{884DFD33-6C9F-4221-A2CC-9EF0C0B391D2}.Release|Any CPU.ActiveCfg = Release|Any CPU
		{884DFD33-6C9F-4221-A2CC-9EF0C0B391D2}.Release|Any CPU.Build.0 = Release|Any CPU
		{0A356368-2D29-45F7-AF98-C2103274A4DF}.Debug|Any CPU.ActiveCfg = Debug|Any CPU
		{0A356368-2D29-45F7-AF98-C2103274A4DF}.Debug|Any CPU.Build.0 = Debug|Any CPU
		{0A356368-2D29-45F7-AF98-C2103274A4DF}.Release|Any CPU.ActiveCfg = Release|Any CPU
		{0A356368-2D29-45F7-AF98-C2103274A4DF}.Release|Any CPU.Build.0 = Release|Any CPU
		{63A10AF4-58F7-4B9C-BEAD-9553D4885D73}.Debug|Any CPU.ActiveCfg = Debug|Any CPU
		{63A10AF4-58F7-4B9C-BEAD-9553D4885D73}.Debug|Any CPU.Build.0 = Debug|Any CPU
		{63A10AF4-58F7-4B9C-BEAD-9553D4885D73}.Release|Any CPU.ActiveCfg = Release|Any CPU
		{63A10AF4-58F7-4B9C-BEAD-9553D4885D73}.Release|Any CPU.Build.0 = Release|Any CPU
	EndGlobalSection
	GlobalSection(SolutionProperties) = preSolution
		HideSolutionNode = FALSE
	EndGlobalSection
	GlobalSection(ExtensibilityGlobals) = postSolution
		SolutionGuid = {5CCB47EE-F108-4BED-8E79-1A2BF2D4DE0F}
	EndGlobalSection
EndGlobal
