
Microsoft Visual Studio Solution File, Format Version 12.00
# Visual Studio Version 17
VisualStudioVersion = 17.4.33110.190
MinimumVisualStudioVersion = 10.0.40219.1
Project("{9A19103F-16F7-4668-BE54-9A1E7A4F7556}") = "Journalist.Crm.Api", "Journalist.Crm.Api\Journalist.Crm.Api.csproj", "{B453EAFD-8B98-486E-98F2-52049626C480}"
EndProject
Project("{9A19103F-16F7-4668-BE54-9A1E7A4F7556}") = "Journalist.Crm.Domain", "Journalist.Crm\Journalist.Crm.Domain.csproj", "{33AB6E82-0710-43AF-B7F1-E474A5981DC1}"
EndProject
Project("{9A19103F-16F7-4668-BE54-9A1E7A4F7556}") = "Journalist.Crm.UnitTests", "Journalist.Crm.UnitTests\Journalist.Crm.UnitTests.csproj", "{C8DB5A2A-B3B7-41F1-AE2B-DCDB4D555824}"
EndProject
Project("{9A19103F-16F7-4668-BE54-9A1E7A4F7556}") = "Journalist.Crm.GraphQL", "Journalist.Crm.GraphQL\Journalist.Crm.GraphQL.csproj", "{647A7DF9-E52A-4954-8A2A-14FE63DDDE9A}"
EndProject
Project("{9A19103F-16F7-4668-BE54-9A1E7A4F7556}") = "Journalist.Crm.CommandHandlers", "Journalist.Crm.CommandHandlers\Journalist.Crm.CommandHandlers.csproj", "{2F418676-45F7-4049-BE5D-1889213CD2B1}"
EndProject
Project("{9A19103F-16F7-4668-BE54-9A1E7A4F7556}") = "Journalist.Crm.Marten", "Journalist.Crm.Marten\Journalist.Crm.Marten.csproj", "{9FA6182B-7C09-4601-B903-1B3F63767E8D}"
EndProject
Project("{2150E333-8FDC-42A3-9474-1A3956D46DE8}") = "Solution Items", "Solution Items", "{DD827591-1E62-434A-A712-B9F7BCDD7FC3}"
	ProjectSection(SolutionItems) = preProject
		Directory.Build.props = Directory.Build.props
		..\Dockerfile = ..\Dockerfile
	EndProjectSection
EndProject
Project("{FAE04EC0-301F-11D3-BF4B-00C04F79EFBC}") = "Journalist.Crm.OpenFGA", "Journalist.Crm.OpenFGA\Journalist.Crm.OpenFGA.csproj", "{FF72CF46-20E3-4230-9981-DC237EE69300}"
EndProject
Global
	GlobalSection(SolutionConfigurationPlatforms) = preSolution
		Debug|Any CPU = Debug|Any CPU
		Release|Any CPU = Release|Any CPU
	EndGlobalSection
	GlobalSection(ProjectConfigurationPlatforms) = postSolution
		{B453EAFD-8B98-486E-98F2-52049626C480}.Debug|Any CPU.ActiveCfg = Debug|Any CPU
		{B453EAFD-8B98-486E-98F2-52049626C480}.Debug|Any CPU.Build.0 = Debug|Any CPU
		{B453EAFD-8B98-486E-98F2-52049626C480}.Release|Any CPU.ActiveCfg = Release|Any CPU
		{B453EAFD-8B98-486E-98F2-52049626C480}.Release|Any CPU.Build.0 = Release|Any CPU
		{33AB6E82-0710-43AF-B7F1-E474A5981DC1}.Debug|Any CPU.ActiveCfg = Debug|Any CPU
		{33AB6E82-0710-43AF-B7F1-E474A5981DC1}.Debug|Any CPU.Build.0 = Debug|Any CPU
		{33AB6E82-0710-43AF-B7F1-E474A5981DC1}.Release|Any CPU.ActiveCfg = Release|Any CPU
		{33AB6E82-0710-43AF-B7F1-E474A5981DC1}.Release|Any CPU.Build.0 = Release|Any CPU
		{C8DB5A2A-B3B7-41F1-AE2B-DCDB4D555824}.Debug|Any CPU.ActiveCfg = Debug|Any CPU
		{C8DB5A2A-B3B7-41F1-AE2B-DCDB4D555824}.Debug|Any CPU.Build.0 = Debug|Any CPU
		{C8DB5A2A-B3B7-41F1-AE2B-DCDB4D555824}.Release|Any CPU.ActiveCfg = Release|Any CPU
		{C8DB5A2A-B3B7-41F1-AE2B-DCDB4D555824}.Release|Any CPU.Build.0 = Release|Any CPU
		{647A7DF9-E52A-4954-8A2A-14FE63DDDE9A}.Debug|Any CPU.ActiveCfg = Debug|Any CPU
		{647A7DF9-E52A-4954-8A2A-14FE63DDDE9A}.Debug|Any CPU.Build.0 = Debug|Any CPU
		{647A7DF9-E52A-4954-8A2A-14FE63DDDE9A}.Release|Any CPU.ActiveCfg = Release|Any CPU
		{647A7DF9-E52A-4954-8A2A-14FE63DDDE9A}.Release|Any CPU.Build.0 = Release|Any CPU
		{2F418676-45F7-4049-BE5D-1889213CD2B1}.Debug|Any CPU.ActiveCfg = Debug|Any CPU
		{2F418676-45F7-4049-BE5D-1889213CD2B1}.Debug|Any CPU.Build.0 = Debug|Any CPU
		{2F418676-45F7-4049-BE5D-1889213CD2B1}.Release|Any CPU.ActiveCfg = Release|Any CPU
		{2F418676-45F7-4049-BE5D-1889213CD2B1}.Release|Any CPU.Build.0 = Release|Any CPU
		{9FA6182B-7C09-4601-B903-1B3F63767E8D}.Debug|Any CPU.ActiveCfg = Debug|Any CPU
		{9FA6182B-7C09-4601-B903-1B3F63767E8D}.Debug|Any CPU.Build.0 = Debug|Any CPU
		{9FA6182B-7C09-4601-B903-1B3F63767E8D}.Release|Any CPU.ActiveCfg = Release|Any CPU
		{9FA6182B-7C09-4601-B903-1B3F63767E8D}.Release|Any CPU.Build.0 = Release|Any CPU
		{FF72CF46-20E3-4230-9981-DC237EE69300}.Debug|Any CPU.ActiveCfg = Debug|Any CPU
		{FF72CF46-20E3-4230-9981-DC237EE69300}.Debug|Any CPU.Build.0 = Debug|Any CPU
		{FF72CF46-20E3-4230-9981-DC237EE69300}.Release|Any CPU.ActiveCfg = Release|Any CPU
		{FF72CF46-20E3-4230-9981-DC237EE69300}.Release|Any CPU.Build.0 = Release|Any CPU
	EndGlobalSection
	GlobalSection(SolutionProperties) = preSolution
		HideSolutionNode = FALSE
	EndGlobalSection
	GlobalSection(ExtensibilityGlobals) = postSolution
		SolutionGuid = {5CCB47EE-F108-4BED-8E79-1A2BF2D4DE0F}
	EndGlobalSection
EndGlobal
